
Microsoft Visual Studio Solution File, Format Version 12.00
# Visual Studio Version 17
VisualStudioVersion = 17.6.33723.286
MinimumVisualStudioVersion = 10.0.40219.1
Project("{9A19103F-16F7-4668-BE54-9A1E7A4F7556}") = "BlazorAspNetCoreHostedDemo.Server", "BlazorAspNetCoreHostedDemo\Server\BlazorAspNetCoreHostedDemo.Server.csproj", "{4516DD22-BF99-4E5A-B815-BFCDBCC7B6BA}"
EndProject
Project("{9A19103F-16F7-4668-BE54-9A1E7A4F7556}") = "BlazorAspNetCoreHostedDemo.Client", "BlazorAspNetCoreHostedDemo\Client\BlazorAspNetCoreHostedDemo.Client.csproj", "{9BC22155-52CB-4623-8622-DFD88D42B3DD}"
EndProject
Project("{9A19103F-16F7-4668-BE54-9A1E7A4F7556}") = "BlazorAspNetCoreHostedDemo.Shared", "BlazorAspNetCoreHostedDemo\Shared\BlazorAspNetCoreHostedDemo.Shared.csproj", "{3F550551-3F3C-4E91-98D3-13507F90D3E3}"
EndProject
Project("{2150E333-8FDC-42A3-9474-1A3956D46DE8}") = "Solution Items", "Solution Items", "{D7536823-F40D-49E1-85DA-206BF5F93E1C}"
	ProjectSection(SolutionItems) = preProject
		tye.yaml = tye.yaml
	EndProjectSection
EndProject
Global
	GlobalSection(SolutionConfigurationPlatforms) = preSolution
		Debug|Any CPU = Debug|Any CPU
		Release|Any CPU = Release|Any CPU
	EndGlobalSection
	GlobalSection(ProjectConfigurationPlatforms) = postSolution
		{4516DD22-BF99-4E5A-B815-BFCDBCC7B6BA}.Debug|Any CPU.ActiveCfg = Debug|Any CPU
		{4516DD22-BF99-4E5A-B815-BFCDBCC7B6BA}.Debug|Any CPU.Build.0 = Debug|Any CPU
		{4516DD22-BF99-4E5A-B815-BFCDBCC7B6BA}.Release|Any CPU.ActiveCfg = Release|Any CPU
		{4516DD22-BF99-4E5A-B815-BFCDBCC7B6BA}.Release|Any CPU.Build.0 = Release|Any CPU
		{9BC22155-52CB-4623-8622-DFD88D42B3DD}.Debug|Any CPU.ActiveCfg = Debug|Any CPU
		{9BC22155-52CB-4623-8622-DFD88D42B3DD}.Debug|Any CPU.Build.0 = Debug|Any CPU
		{9BC22155-52CB-4623-8622-DFD88D42B3DD}.Release|Any CPU.ActiveCfg = Release|Any CPU
		{9BC22155-52CB-4623-8622-DFD88D42B3DD}.Release|Any CPU.Build.0 = Release|Any CPU
		{3F550551-3F3C-4E91-98D3-13507F90D3E3}.Debug|Any CPU.ActiveCfg = Debug|Any CPU
		{3F550551-3F3C-4E91-98D3-13507F90D3E3}.Debug|Any CPU.Build.0 = Debug|Any CPU
		{3F550551-3F3C-4E91-98D3-13507F90D3E3}.Release|Any CPU.ActiveCfg = Release|Any CPU
		{3F550551-3F3C-4E91-98D3-13507F90D3E3}.Release|Any CPU.Build.0 = Release|Any CPU
	EndGlobalSection
	GlobalSection(SolutionProperties) = preSolution
		HideSolutionNode = FALSE
	EndGlobalSection
	GlobalSection(ExtensibilityGlobals) = postSolution
		SolutionGuid = {3730024B-1907-4550-83EA-E73D36A45467}
	EndGlobalSection
EndGlobal
